
Microsoft Visual Studio Solution File, Format Version 12.00
Project("{FAE04EC0-301F-11D3-BF4B-00C04F79EFBC}") = "myCodeSandbox-backend", "myCodeSandbox-backend\myCodeSandbox-backend.csproj", "{8089E0F1-563B-4B18-A1A0-56272753E74B}"
EndProject
Global
	GlobalSection(SolutionConfigurationPlatforms) = preSolution
		Debug|Any CPU = Debug|Any CPU
		Release|Any CPU = Release|Any CPU
	EndGlobalSection
	GlobalSection(ProjectConfigurationPlatforms) = postSolution
		{8089E0F1-563B-4B18-A1A0-56272753E74B}.Debug|Any CPU.ActiveCfg = Debug|Any CPU
		{8089E0F1-563B-4B18-A1A0-56272753E74B}.Debug|Any CPU.Build.0 = Debug|Any CPU
		{8089E0F1-563B-4B18-A1A0-56272753E74B}.Release|Any CPU.ActiveCfg = Release|Any CPU
		{8089E0F1-563B-4B18-A1A0-56272753E74B}.Release|Any CPU.Build.0 = Release|Any CPU
	EndGlobalSection
EndGlobal
